{
  "requires": true,
  "lockfileVersion": 1,
  "dependencies": {
    "vue-paginator-simple": {
      "version": "1.0.4",
      "resolved": "https://registry.npm.taobao.org/vue-paginator-simple/download/vue-paginator-simple-1.0.4.tgz",
      "integrity": "sha1-6CcBPGs4z6wNvgHxTldvws3/ZJc=",
      "dev": true
    }
  }
}
